
Microsoft Visual Studio Solution File, Format Version 12.00
# Visual Studio Version 17
VisualStudioVersion = 17.0.31903.59
MinimumVisualStudioVersion = 10.0.40219.1
Project("{FAE04EC0-301F-11D3-BF4B-00C04F79EFBC}") = "WpfApp17", "WpfApp17.csproj", "{BBC88987-308C-4175-B28F-F18BB75C59A4}"
EndProject
Global
	GlobalSection(SolutionConfigurationPlatforms) = preSolution
		Debug|Any CPU = Debug|Any CPU
		Release|Any CPU = Release|Any CPU
	EndGlobalSection
	GlobalSection(ProjectConfigurationPlatforms) = postSolution
		{BBC88987-308C-4175-B28F-F18BB75C59A4}.Debug|Any CPU.ActiveCfg = Debug|Any CPU
		{BBC88987-308C-4175-B28F-F18BB75C59A4}.Debug|Any CPU.Build.0 = Debug|Any CPU
		{BBC88987-308C-4175-B28F-F18BB75C59A4}.Release|Any CPU.ActiveCfg = Release|Any CPU
		{BBC88987-308C-4175-B28F-F18BB75C59A4}.Release|Any CPU.Build.0 = Release|Any CPU
	EndGlobalSection
	GlobalSection(SolutionProperties) = preSolution
		HideSolutionNode = FALSE
	EndGlobalSection
	GlobalSection(ExtensibilityGlobals) = postSolution
		SolutionGuid = {433C624B-DC57-4F95-AC7D-400FDC294CC2}
	EndGlobalSection
EndGlobal
